
Microsoft Visual Studio Solution File, Format Version 12.00
# Visual Studio Version 16
VisualStudioVersion = 16.0.30503.244
MinimumVisualStudioVersion = 10.0.40219.1
Project("{9A19103F-16F7-4668-BE54-9A1E7A4F7556}") = "BusinessLogic", "Business Logic\BusinessLogic.csproj", "{14E754A4-4892-4EAE-8371-95CC3E9A1B9D}"
EndProject
Project("{9A19103F-16F7-4668-BE54-9A1E7A4F7556}") = "Data Layer", "Data Layer\Data Layer.csproj", "{F0D151A3-8B41-4FA2-8CF3-FF12B55D7B8A}"
EndProject
Project("{9A19103F-16F7-4668-BE54-9A1E7A4F7556}") = "Domain", "Domain\Domain.csproj", "{E58CC920-3E31-4329-9777-2553857610D3}"
EndProject
Project("{9A19103F-16F7-4668-BE54-9A1E7A4F7556}") = "Team Comtress Installer", "UI_WF\Team Comtress Installer.csproj", "{5EF60BD3-8C0A-49F2-A0CC-DC4FCA4BAA55}"
EndProject
Global
	GlobalSection(SolutionConfigurationPlatforms) = preSolution
		Debug|Any CPU = Debug|Any CPU
		Release|Any CPU = Release|Any CPU
	EndGlobalSection
	GlobalSection(ProjectConfigurationPlatforms) = postSolution
		{14E754A4-4892-4EAE-8371-95CC3E9A1B9D}.Debug|Any CPU.ActiveCfg = Debug|Any CPU
		{14E754A4-4892-4EAE-8371-95CC3E9A1B9D}.Debug|Any CPU.Build.0 = Debug|Any CPU
		{14E754A4-4892-4EAE-8371-95CC3E9A1B9D}.Release|Any CPU.ActiveCfg = Release|Any CPU
		{14E754A4-4892-4EAE-8371-95CC3E9A1B9D}.Release|Any CPU.Build.0 = Release|Any CPU
		{F0D151A3-8B41-4FA2-8CF3-FF12B55D7B8A}.Debug|Any CPU.ActiveCfg = Debug|Any CPU
		{F0D151A3-8B41-4FA2-8CF3-FF12B55D7B8A}.Debug|Any CPU.Build.0 = Debug|Any CPU
		{F0D151A3-8B41-4FA2-8CF3-FF12B55D7B8A}.Release|Any CPU.ActiveCfg = Release|Any CPU
		{F0D151A3-8B41-4FA2-8CF3-FF12B55D7B8A}.Release|Any CPU.Build.0 = Release|Any CPU
		{E58CC920-3E31-4329-9777-2553857610D3}.Debug|Any CPU.ActiveCfg = Debug|Any CPU
		{E58CC920-3E31-4329-9777-2553857610D3}.Debug|Any CPU.Build.0 = Debug|Any CPU
		{E58CC920-3E31-4329-9777-2553857610D3}.Release|Any CPU.ActiveCfg = Release|Any CPU
		{E58CC920-3E31-4329-9777-2553857610D3}.Release|Any CPU.Build.0 = Release|Any CPU
		{5EF60BD3-8C0A-49F2-A0CC-DC4FCA4BAA55}.Debug|Any CPU.ActiveCfg = Debug|Any CPU
		{5EF60BD3-8C0A-49F2-A0CC-DC4FCA4BAA55}.Debug|Any CPU.Build.0 = Debug|Any CPU
		{5EF60BD3-8C0A-49F2-A0CC-DC4FCA4BAA55}.Release|Any CPU.ActiveCfg = Release|Any CPU
		{5EF60BD3-8C0A-49F2-A0CC-DC4FCA4BAA55}.Release|Any CPU.Build.0 = Release|Any CPU
	EndGlobalSection
	GlobalSection(SolutionProperties) = preSolution
		HideSolutionNode = FALSE
	EndGlobalSection
	GlobalSection(ExtensibilityGlobals) = postSolution
		SolutionGuid = {39A4C891-589A-45C4-B255-B7822A058846}
	EndGlobalSection
EndGlobal
